
Microsoft Visual Studio Solution File, Format Version 12.00
# Visual Studio 15
VisualStudioVersion = 15.0.27004.2002
MinimumVisualStudioVersion = 10.0.40219.1
Project("{FAE04EC0-301F-11D3-BF4B-00C04F79EFBC}") = "ClassLibrary1", "ClassLibrary1\ClassLibrary1.csproj", "{12DECA32-4BA9-4FF3-BB63-E1FBC8912C10}"
EndProject
Global
	GlobalSection(SolutionConfigurationPlatforms) = preSolution
		Debug|Any CPU = Debug|Any CPU
		Release|Any CPU = Release|Any CPU
	EndGlobalSection
	GlobalSection(ProjectConfigurationPlatforms) = postSolution
		{12DECA32-4BA9-4FF3-BB63-E1FBC8912C10}.Debug|Any CPU.ActiveCfg = Debug|Any CPU
		{12DECA32-4BA9-4FF3-BB63-E1FBC8912C10}.Debug|Any CPU.Build.0 = Debug|Any CPU
		{12DECA32-4BA9-4FF3-BB63-E1FBC8912C10}.Release|Any CPU.ActiveCfg = Release|Any CPU
		{12DECA32-4BA9-4FF3-BB63-E1FBC8912C10}.Release|Any CPU.Build.0 = Release|Any CPU
	EndGlobalSection
	GlobalSection(SolutionProperties) = preSolution
		HideSolutionNode = FALSE
	EndGlobalSection
	GlobalSection(ExtensibilityGlobals) = postSolution
		SolutionGuid = {5010DD4A-B565-4715-905C-9B56D3F9F202}
	EndGlobalSection
EndGlobal
